
Microsoft Visual Studio Solution File, Format Version 12.00
# Visual Studio Version 16
VisualStudioVersion = 16.0.33529.622
MinimumVisualStudioVersion = 10.0.40219.1
Project("{FAE04EC0-301F-11D3-BF4B-00C04F79EFBC}") = "Seminario", "Seminario\Seminario.csproj", "{D4022100-9FB8-43C2-80F6-6B3365F06FAE}"
EndProject
Global
	GlobalSection(SolutionConfigurationPlatforms) = preSolution
		Debug|Any CPU = Debug|Any CPU
		Release|Any CPU = Release|Any CPU
	EndGlobalSection
	GlobalSection(ProjectConfigurationPlatforms) = postSolution
		{D4022100-9FB8-43C2-80F6-6B3365F06FAE}.Debug|Any CPU.ActiveCfg = Debug|Any CPU
		{D4022100-9FB8-43C2-80F6-6B3365F06FAE}.Debug|Any CPU.Build.0 = Debug|Any CPU
		{D4022100-9FB8-43C2-80F6-6B3365F06FAE}.Release|Any CPU.ActiveCfg = Release|Any CPU
		{D4022100-9FB8-43C2-80F6-6B3365F06FAE}.Release|Any CPU.Build.0 = Release|Any CPU
	EndGlobalSection
	GlobalSection(SolutionProperties) = preSolution
		HideSolutionNode = FALSE
	EndGlobalSection
	GlobalSection(ExtensibilityGlobals) = postSolution
		SolutionGuid = {8D399D55-7E45-4008-97EC-EA3000DD5B13}
	EndGlobalSection
EndGlobal
